
Microsoft Visual Studio Solution File, Format Version 12.00
Project("{FAE04EC0-301F-11D3-BF4B-00C04F79EFBC}") = "GenericsVersusNonGenerics", "GenericsVersusNonGenerics.csproj", "{058E65F8-8B70-429F-B39B-3F6A2077A9EF}"
EndProject
Global
	GlobalSection(SolutionConfigurationPlatforms) = preSolution
		Debug|Any CPU = Debug|Any CPU
		Release|Any CPU = Release|Any CPU
	EndGlobalSection
	GlobalSection(ProjectConfigurationPlatforms) = postSolution
		{058E65F8-8B70-429F-B39B-3F6A2077A9EF}.Debug|Any CPU.ActiveCfg = Debug|Any CPU
		{058E65F8-8B70-429F-B39B-3F6A2077A9EF}.Debug|Any CPU.Build.0 = Debug|Any CPU
		{058E65F8-8B70-429F-B39B-3F6A2077A9EF}.Release|Any CPU.ActiveCfg = Release|Any CPU
		{058E65F8-8B70-429F-B39B-3F6A2077A9EF}.Release|Any CPU.Build.0 = Release|Any CPU
	EndGlobalSection
EndGlobal
